
Microsoft Visual Studio Solution File, Format Version 12.00
# Visual Studio Version 17
VisualStudioVersion = 17.13.35818.85 d17.13
MinimumVisualStudioVersion = 10.0.40219.1
Project("{FAE04EC0-301F-11D3-BF4B-00C04F79EFBC}") = "Media.domain", "Media.domain\Media.domain.csproj", "{E397B186-7A88-4BD4-B423-8F0F11BA2FF6}"
EndProject
Project("{2150E333-8FDC-42A3-9474-1A3956D46DE8}") = "src", "src", "{36D591C7-65C7-A0D1-1CBC-10CDE441BDC8}"
EndProject
Project("{2150E333-8FDC-42A3-9474-1A3956D46DE8}") = "test", "test", "{248B4961-A353-4C5D-A539-78267329BFE0}"
EndProject
Project("{FAE04EC0-301F-11D3-BF4B-00C04F79EFBC}") = "Media.Domain.Tests", "Media.Domain.Tests\Media.Domain.Tests.csproj", "{52815BAD-447B-4EEF-9EB0-4FED10F8E55D}"
EndProject
Global
	GlobalSection(SolutionConfigurationPlatforms) = preSolution
		Debug|Any CPU = Debug|Any CPU
		Release|Any CPU = Release|Any CPU
	EndGlobalSection
	GlobalSection(ProjectConfigurationPlatforms) = postSolution
		{E397B186-7A88-4BD4-B423-8F0F11BA2FF6}.Debug|Any CPU.ActiveCfg = Debug|Any CPU
		{E397B186-7A88-4BD4-B423-8F0F11BA2FF6}.Debug|Any CPU.Build.0 = Debug|Any CPU
		{E397B186-7A88-4BD4-B423-8F0F11BA2FF6}.Release|Any CPU.ActiveCfg = Release|Any CPU
		{E397B186-7A88-4BD4-B423-8F0F11BA2FF6}.Release|Any CPU.Build.0 = Release|Any CPU
		{52815BAD-447B-4EEF-9EB0-4FED10F8E55D}.Debug|Any CPU.ActiveCfg = Debug|Any CPU
		{52815BAD-447B-4EEF-9EB0-4FED10F8E55D}.Debug|Any CPU.Build.0 = Debug|Any CPU
		{52815BAD-447B-4EEF-9EB0-4FED10F8E55D}.Release|Any CPU.ActiveCfg = Release|Any CPU
		{52815BAD-447B-4EEF-9EB0-4FED10F8E55D}.Release|Any CPU.Build.0 = Release|Any CPU
	EndGlobalSection
	GlobalSection(SolutionProperties) = preSolution
		HideSolutionNode = FALSE
	EndGlobalSection
	GlobalSection(NestedProjects) = preSolution
		{E397B186-7A88-4BD4-B423-8F0F11BA2FF6} = {36D591C7-65C7-A0D1-1CBC-10CDE441BDC8}
		{52815BAD-447B-4EEF-9EB0-4FED10F8E55D} = {248B4961-A353-4C5D-A539-78267329BFE0}
	EndGlobalSection
	GlobalSection(ExtensibilityGlobals) = postSolution
		SolutionGuid = {6F9FCBB8-29E2-483E-A45E-25C898AEEBDC}
	EndGlobalSection
EndGlobal
